{
  "name": "fp-ts",
  "version": "1.0.0",
  "lockfileVersion": 2,
  "requires": true,
  "packages": {
    "": {
      "name": "fp-ts",
      "version": "1.0.0",
      "license": "ISC",
      "dependencies": {
        "fp-ts": "^2.11.5",
        "typescript": "^4.5.4"
      }
    },
    "node_modules/fp-ts": {
      "version": "2.11.10",
      "resolved": "https://registry.npmjs.org/fp-ts/-/fp-ts-2.11.10.tgz",
      "integrity": "sha512-wtUo3eA0/+GZnT+dCjkSt5CuGCH5ZXjjrcZvYm/3BC5KGavuwgvME+eRRHYtCGYWD6I+fJ2uZ9en/JVqDEPrJw=="
    },
    "node_modules/typescript": {
      "version": "4.6.3",
      "resolved": "https://registry.npmjs.org/typescript/-/typescript-4.6.3.tgz",
      "integrity": "sha512-yNIatDa5iaofVozS/uQJEl3JRWLKKGJKh6Yaiv0GLGSuhpFJe7P3SbHZ8/yjAHRQwKRoA6YZqlfjXWmVzoVSMw==",
      "bin": {
        "tsc": "bin/tsc",
        "tsserver": "bin/tsserver"
      },
      "engines": {
        "node": ">=4.2.0"
      }
    }
  },
  "dependencies": {
    "fp-ts": {
      "version": "2.11.10",
      "resolved": "https://registry.npmjs.org/fp-ts/-/fp-ts-2.11.10.tgz",
      "integrity": "sha512-wtUo3eA0/+GZnT+dCjkSt5CuGCH5ZXjjrcZvYm/3BC5KGavuwgvME+eRRHYtCGYWD6I+fJ2uZ9en/JVqDEPrJw=="
    },
    "typescript": {
      "version": "4.6.3",
      "resolved": "https://registry.npmjs.org/typescript/-/typescript-4.6.3.tgz",
      "integrity": "sha512-yNIatDa5iaofVozS/uQJEl3JRWLKKGJKh6Yaiv0GLGSuhpFJe7P3SbHZ8/yjAHRQwKRoA6YZqlfjXWmVzoVSMw=="
    }
  }
}
